
Microsoft Visual Studio Solution File, Format Version 12.00
# Visual Studio Version 17
VisualStudioVersion = 17.4.33213.308
MinimumVisualStudioVersion = 10.0.40219.1
Project("{FAE04EC0-301F-11D3-BF4B-00C04F79EFBC}") = "RAA_Level2", "RAA_Level2\RAA_Level2.csproj", "{D92E1F69-9257-4FFF-ACFB-A2278D730DE3}"
EndProject
Global
	GlobalSection(SolutionConfigurationPlatforms) = preSolution
		Debug|Any CPU = Debug|Any CPU
		Release|Any CPU = Release|Any CPU
	EndGlobalSection
	GlobalSection(ProjectConfigurationPlatforms) = postSolution
		{D92E1F69-9257-4FFF-ACFB-A2278D730DE3}.Debug|Any CPU.ActiveCfg = Debug|Any CPU
		{D92E1F69-9257-4FFF-ACFB-A2278D730DE3}.Debug|Any CPU.Build.0 = Debug|Any CPU
		{D92E1F69-9257-4FFF-ACFB-A2278D730DE3}.Release|Any CPU.ActiveCfg = Release|Any CPU
		{D92E1F69-9257-4FFF-ACFB-A2278D730DE3}.Release|Any CPU.Build.0 = Release|Any CPU
	EndGlobalSection
	GlobalSection(SolutionProperties) = preSolution
		HideSolutionNode = FALSE
	EndGlobalSection
	GlobalSection(ExtensibilityGlobals) = postSolution
		SolutionGuid = {E17B6D50-B3E7-499B-9BBE-C82741E83A0C}
	EndGlobalSection
EndGlobal
